
Microsoft Visual Studio Solution File, Format Version 12.00
# Visual Studio Version 17
VisualStudioVersion = 17.2.32630.192
MinimumVisualStudioVersion = 10.0.40219.1
Project("{9A19103F-16F7-4668-BE54-9A1E7A4F7556}") = "DocsSearchEngine", "DocsSearchEngine\DocsSearchEngine.csproj", "{C7C6EEEE-69B9-4F1C-9BFA-4C0F4CD210A3}"
EndProject
Project("{FAE04EC0-301F-11D3-BF4B-00C04F79EFBC}") = "DocsSearchEngine.BusinessLogic", "DocsSearchEngine.BusinessLogic\DocsSearchEngine.BusinessLogic.csproj", "{2AA2F3A8-D431-41DD-A7BA-4B3426F568AA}"
EndProject
Project("{FAE04EC0-301F-11D3-BF4B-00C04F79EFBC}") = "DocsSearchEngine.Models", "DocsSearchEngine.Models\DocsSearchEngine.Models.csproj", "{14748823-BD58-440D-A773-5928B3BBD275}"
EndProject
Project("{FAE04EC0-301F-11D3-BF4B-00C04F79EFBC}") = "DocsSearchEngine.Agent", "DocsSearchEngine.Agent\DocsSearchEngine.Agent.csproj", "{E297E72E-997E-427B-BF65-AC57345F42B0}"
EndProject
Global
	GlobalSection(SolutionConfigurationPlatforms) = preSolution
		Debug|Any CPU = Debug|Any CPU
		Release|Any CPU = Release|Any CPU
	EndGlobalSection
	GlobalSection(ProjectConfigurationPlatforms) = postSolution
		{C7C6EEEE-69B9-4F1C-9BFA-4C0F4CD210A3}.Debug|Any CPU.ActiveCfg = Debug|Any CPU
		{C7C6EEEE-69B9-4F1C-9BFA-4C0F4CD210A3}.Debug|Any CPU.Build.0 = Debug|Any CPU
		{C7C6EEEE-69B9-4F1C-9BFA-4C0F4CD210A3}.Release|Any CPU.ActiveCfg = Release|Any CPU
		{C7C6EEEE-69B9-4F1C-9BFA-4C0F4CD210A3}.Release|Any CPU.Build.0 = Release|Any CPU
		{2AA2F3A8-D431-41DD-A7BA-4B3426F568AA}.Debug|Any CPU.ActiveCfg = Debug|Any CPU
		{2AA2F3A8-D431-41DD-A7BA-4B3426F568AA}.Debug|Any CPU.Build.0 = Debug|Any CPU
		{2AA2F3A8-D431-41DD-A7BA-4B3426F568AA}.Release|Any CPU.ActiveCfg = Release|Any CPU
		{2AA2F3A8-D431-41DD-A7BA-4B3426F568AA}.Release|Any CPU.Build.0 = Release|Any CPU
		{14748823-BD58-440D-A773-5928B3BBD275}.Debug|Any CPU.ActiveCfg = Debug|Any CPU
		{14748823-BD58-440D-A773-5928B3BBD275}.Debug|Any CPU.Build.0 = Debug|Any CPU
		{14748823-BD58-440D-A773-5928B3BBD275}.Release|Any CPU.ActiveCfg = Release|Any CPU
		{14748823-BD58-440D-A773-5928B3BBD275}.Release|Any CPU.Build.0 = Release|Any CPU
		{E297E72E-997E-427B-BF65-AC57345F42B0}.Debug|Any CPU.ActiveCfg = Debug|Any CPU
		{E297E72E-997E-427B-BF65-AC57345F42B0}.Debug|Any CPU.Build.0 = Debug|Any CPU
		{E297E72E-997E-427B-BF65-AC57345F42B0}.Release|Any CPU.ActiveCfg = Release|Any CPU
		{E297E72E-997E-427B-BF65-AC57345F42B0}.Release|Any CPU.Build.0 = Release|Any CPU
	EndGlobalSection
	GlobalSection(SolutionProperties) = preSolution
		HideSolutionNode = FALSE
	EndGlobalSection
	GlobalSection(ExtensibilityGlobals) = postSolution
		SolutionGuid = {59D7E90F-8628-4D59-A1B6-587F8D86C0CE}
	EndGlobalSection
EndGlobal
